Microsoft Visual Studio Solution File, Format Version 12.00
# Visual Studio Version 17
VisualStudioVersion = 17.5.2.0
MinimumVisualStudioVersion = 10.0.40219.1
Project("{FAE04EC0-301F-11D3-BF4B-00C04F79EFBC}") = "LocationPhotoApi", "LocationPhotoApi\LocationPhotoApi.csproj", "{47D1A87D-95EB-B3E7-2DFC-72BA47B17013}"
EndProject
Global
	GlobalSection(SolutionConfigurationPlatforms) = preSolution
		Debug|Any CPU = Debug|Any CPU
		Release|Any CPU = Release|Any CPU
	EndGlobalSection
	GlobalSection(ProjectConfigurationPlatforms) = postSolution
		{47D1A87D-95EB-B3E7-2DFC-72BA47B17013}.Debug|Any CPU.ActiveCfg = Debug|Any CPU
		{47D1A87D-95EB-B3E7-2DFC-72BA47B17013}.Debug|Any CPU.Build.0 = Debug|Any CPU
		{47D1A87D-95EB-B3E7-2DFC-72BA47B17013}.Release|Any CPU.ActiveCfg = Release|Any CPU
		{47D1A87D-95EB-B3E7-2DFC-72BA47B17013}.Release|Any CPU.Build.0 = Release|Any CPU
	EndGlobalSection
	GlobalSection(SolutionProperties) = preSolution
		HideSolutionNode = FALSE
	EndGlobalSection
	GlobalSection(ExtensibilityGlobals) = postSolution
		SolutionGuid = {5C632889-C99F-46B0-A733-8202457B19C4}
	EndGlobalSection
EndGlobal
